// !$*UTF8*$!
{
	archiveVersion = 1;
	classes = {
	};
	objectVersion = 50;
	objects = {

/* Begin PBXBuildFile section */
		770B7C6223FF1C5400C25197 /* TabBarHome.swift in Sources */ = {isa = PBXBuildFile; fileRef = 770B7C6123FF1C5400C25197 /* TabBarHome.swift */; };
		770B7C6523FF78E000C25197 /* MDCustomCollectionViewCell.swift in Sources */ = {isa = PBXBuildFile; fileRef = 770B7C6423FF78E000C25197 /* MDCustomCollectionViewCell.swift */; };
		770B7C6723FFAA2F00C25197 /* CollectionHomeVC.swift in Sources */ = {isa = PBXBuildFile; fileRef = 770B7C6623FFAA2F00C25197 /* CollectionHomeVC.swift */; };
		771474A823F2274E00369F66 /* Images.swift in Sources */ = {isa = PBXBuildFile; fileRef = 771474A723F2274E00369F66 /* Images.swift */; };
		7716F47C23E4D0AE00186C2E /* AppDelegate.swift in Sources */ = {isa = PBXBuildFile; fileRef = 7716F47B23E4D0AE00186C2E /* AppDelegate.swift */; };
		7716F47E23E4D0AE00186C2E /* SceneDelegate.swift in Sources */ = {isa = PBXBuildFile; fileRef = 7716F47D23E4D0AE00186C2E /* SceneDelegate.swift */; };
		7716F48323E4D0AE00186C2E /* Main.storyboard in Resources */ = {isa = PBXBuildFile; fileRef = 7716F48123E4D0AE00186C2E /* Main.storyboard */; };
		7716F48523E4D0AF00186C2E /* Assets.xcassets in Resources */ = {isa = PBXBuildFile; fileRef = 7716F48423E4D0AF00186C2E /* Assets.xcassets */; };
		7716F48823E4D0AF00186C2E /* LaunchScreen.storyboard in Resources */ = {isa = PBXBuildFile; fileRef = 7716F48623E4D0AF00186C2E /* LaunchScreen.storyboard */; };
		7716F49023E4D4A400186C2E /* HomeViewController.swift in Sources */ = {isa = PBXBuildFile; fileRef = 7716F48F23E4D4A400186C2E /* HomeViewController.swift */; };
		7732384A23F771930016A8EF /* CategoryViewController.swift in Sources */ = {isa = PBXBuildFile; fileRef = 7732384923F771930016A8EF /* CategoryViewController.swift */; };
		778704E623ED2F41007264E7 /* CustomeUITableViewCell.swift in Sources */ = {isa = PBXBuildFile; fileRef = 778704E523ED2F41007264E7 /* CustomeUITableViewCell.swift */; };
		778980FB23E9FC79004DE4DB /* LoginViewController.swift in Sources */ = {isa = PBXBuildFile; fileRef = 778980FA23E9FC79004DE4DB /* LoginViewController.swift */; };
		7789810023EB8C5C004DE4DB /* MdCustomLabel.swift in Sources */ = {isa = PBXBuildFile; fileRef = 778980FF23EB8C5C004DE4DB /* MdCustomLabel.swift */; };
		7789810423EB9114004DE4DB /* MdCustomImageView.swift in Sources */ = {isa = PBXBuildFile; fileRef = 7789810323EB9114004DE4DB /* MdCustomImageView.swift */; };
		7789810623EB91C0004DE4DB /* TestClass.swift in Sources */ = {isa = PBXBuildFile; fileRef = 7789810523EB91C0004DE4DB /* TestClass.swift */; };
		7789810923EB9676004DE4DB /* MdCustomButton.swift in Sources */ = {isa = PBXBuildFile; fileRef = 7789810823EB9676004DE4DB /* MdCustomButton.swift */; };
		7789810B23EBA73A004DE4DB /* MainHomeViewController.swift in Sources */ = {isa = PBXBuildFile; fileRef = 7789810A23EBA73A004DE4DB /* MainHomeViewController.swift */; };
/* End PBXBuildFile section */

/* Begin PBXFileReference section */
		770B7C6123FF1C5400C25197 /* TabBarHome.swift */ = {isa = PBXFileReference; lastKnownFileType = sourcecode.swift; path = TabBarHome.swift; sourceTree = "<group>"; };
		770B7C6423FF78E000C25197 /* MDCustomCollectionViewCell.swift */ = {isa = PBXFileReference; lastKnownFileType = sourcecode.swift; path = MDCustomCollectionViewCell.swift; sourceTree = "<group>"; };
		770B7C6623FFAA2F00C25197 /* CollectionHomeVC.swift */ = {isa = PBXFileReference; lastKnownFileType = sourcecode.swift; path = CollectionHomeVC.swift; sourceTree = "<group>"; };
		771474A723F2274E00369F66 /* Images.swift */ = {isa = PBXFileReference; lastKnownFileType = sourcecode.swift; path = Images.swift; sourceTree = "<group>"; };
		7716F47823E4D0AD00186C2E /* onBoarding.app */ = {isa = PBXFileReference; explicitFileType = wrapper.application; includeInIndex = 0; path = onBoarding.app; sourceTree = BUILT_PRODUCTS_DIR; };
		7716F47B23E4D0AE00186C2E /* AppDelegate.swift */ = {isa = PBXFileReference; lastKnownFileType = sourcecode.swift; path = AppDelegate.swift; sourceTree = "<group>"; };
		7716F47D23E4D0AE00186C2E /* SceneDelegate.swift */ = {isa = PBXFileReference; lastKnownFileType = sourcecode.swift; path = SceneDelegate.swift; sourceTree = "<group>"; };
		7716F48223E4D0AE00186C2E /* Base */ = {isa = PBXFileReference; lastKnownFileType = file.storyboard; name = Base; path = Base.lproj/Main.storyboard; sourceTree = "<group>"; };
		7716F48423E4D0AF00186C2E /* Assets.xcassets */ = {isa = PBXFileReference; lastKnownFileType = folder.assetcatalog; path = Assets.xcassets; sourceTree = "<group>"; };
		7716F48723E4D0AF00186C2E /* Base */ = {isa = PBXFileReference; lastKnownFileType = file.storyboard; name = Base; path = Base.lproj/LaunchScreen.storyboard; sourceTree = "<group>"; };
		7716F48923E4D0AF00186C2E /* Info.plist */ = {isa = PBXFileReference; lastKnownFileType = text.plist.xml; path = Info.plist; sourceTree = "<group>"; };
		7716F48F23E4D4A400186C2E /* HomeViewController.swift */ = {isa = PBXFileReference; lastKnownFileType = sourcecode.swift; path = HomeViewController.swift; sourceTree = "<group>"; };
		7732384923F771930016A8EF /* CategoryViewController.swift */ = {isa = PBXFileReference; lastKnownFileType = sourcecode.swift; path = CategoryViewController.swift; sourceTree = "<group>"; };
		778704E523ED2F41007264E7 /* CustomeUITableViewCell.swift */ = {isa = PBXFileReference; lastKnownFileType = sourcecode.swift; path = CustomeUITableViewCell.swift; sourceTree = "<group>"; };
		778980FA23E9FC79004DE4DB /* LoginViewController.swift */ = {isa = PBXFileReference; lastKnownFileType = sourcecode.swift; path = LoginViewController.swift; sourceTree = "<group>"; };
		778980FF23EB8C5C004DE4DB /* MdCustomLabel.swift */ = {isa = PBXFileReference; lastKnownFileType = sourcecode.swift; path = MdCustomLabel.swift; sourceTree = "<group>"; };
		7789810323EB9114004DE4DB /* MdCustomImageView.swift */ = {isa = PBXFileReference; lastKnownFileType = sourcecode.swift; path = MdCustomImageView.swift; sourceTree = "<group>"; };
		7789810523EB91C0004DE4DB /* TestClass.swift */ = {isa = PBXFileReference; lastKnownFileType = sourcecode.swift; path = TestClass.swift; sourceTree = "<group>"; };
		7789810823EB9676004DE4DB /* MdCustomButton.swift */ = {isa = PBXFileReference; lastKnownFileType = sourcecode.swift; path = MdCustomButton.swift; sourceTree = "<group>"; };
		7789810A23EBA73A004DE4DB /* MainHomeViewController.swift */ = {isa = PBXFileReference; lastKnownFileType = sourcecode.swift; path = MainHomeViewController.swift; sourceTree = "<group>"; };
/* End PBXFileReference section */

/* Begin PBXFrameworksBuildPhase section */
		7716F47523E4D0AD00186C2E /* Frameworks */ = {
			isa = PBXFrameworksBuildPhase;
			buildActionMask = 2147483647;
			files = (
			);
			runOnlyForDeploymentPostprocessing = 0;
		};
/* End PBXFrameworksBuildPhase section */

/* Begin PBXGroup section */
		770B7C6323FF789B00C25197 /* CustomCollectionViewClass */ = {
			isa = PBXGroup;
			children = (
				770B7C6423FF78E000C25197 /* MDCustomCollectionViewCell.swift */,
			);
			path = CustomCollectionViewClass;
			sourceTree = "<group>";
		};
		7716F46F23E4D0AD00186C2E = {
			isa = PBXGroup;
			children = (
				7716F47A23E4D0AE00186C2E /* onBoarding */,
				7716F47923E4D0AD00186C2E /* Products */,
			);
			sourceTree = "<group>";
		};
		7716F47923E4D0AD00186C2E /* Products */ = {
			isa = PBXGroup;
			children = (
				7716F47823E4D0AD00186C2E /* onBoarding.app */,
			);
			name = Products;
			sourceTree = "<group>";
		};
		7716F47A23E4D0AE00186C2E /* onBoarding */ = {
			isa = PBXGroup;
			children = (
				7716F47B23E4D0AE00186C2E /* AppDelegate.swift */,
				7716F47D23E4D0AE00186C2E /* SceneDelegate.swift */,
				778980F623E9E494004DE4DB /* Models */,
				778980F523E9E485004DE4DB /* Views */,
				778980F423E9E477004DE4DB /* Controllers */,
				7716F48423E4D0AF00186C2E /* Assets.xcassets */,
				7716F48623E4D0AF00186C2E /* LaunchScreen.storyboard */,
				7716F48923E4D0AF00186C2E /* Info.plist */,
			);
			path = onBoarding;
			sourceTree = "<group>";
		};
		778704E423ED2DCE007264E7 /* CustomUITableViewCell */ = {
			isa = PBXGroup;
			children = (
				778704E523ED2F41007264E7 /* CustomeUITableViewCell.swift */,
			);
			path = CustomUITableViewCell;
			sourceTree = "<group>";
		};
		778980F423E9E477004DE4DB /* Controllers */ = {
			isa = PBXGroup;
			children = (
				7716F48F23E4D4A400186C2E /* HomeViewController.swift */,
				778980FA23E9FC79004DE4DB /* LoginViewController.swift */,
				770B7C6123FF1C5400C25197 /* TabBarHome.swift */,
				770B7C6623FFAA2F00C25197 /* CollectionHomeVC.swift */,
				7789810A23EBA73A004DE4DB /* MainHomeViewController.swift */,
				7732384923F771930016A8EF /* CategoryViewController.swift */,
			);
			path = Controllers;
			sourceTree = "<group>";
		};
		778980F523E9E485004DE4DB /* Views */ = {
			isa = PBXGroup;
			children = (
				7789810123EB8C67004DE4DB /* StoryBoards */,
			);
			path = Views;
			sourceTree = "<group>";
		};
		778980F623E9E494004DE4DB /* Models */ = {
			isa = PBXGroup;
			children = (
				771474A723F2274E00369F66 /* Images.swift */,
			);
			path = Models;
			sourceTree = "<group>";
		};
		778980FE23EB8C33004DE4DB /* MDCustomLabel */ = {
			isa = PBXGroup;
			children = (
				778980FF23EB8C5C004DE4DB /* MdCustomLabel.swift */,
			);
			path = MDCustomLabel;
			sourceTree = "<group>";
		};
		7789810123EB8C67004DE4DB /* StoryBoards */ = {
			isa = PBXGroup;
			children = (
				7716F48123E4D0AE00186C2E /* Main.storyboard */,
				7789810723EB9654004DE4DB /* MDCustomButton */,
				7789810223EB90D6004DE4DB /* MDCustomImageView */,
				778980FE23EB8C33004DE4DB /* MDCustomLabel */,
				778704E423ED2DCE007264E7 /* CustomUITableViewCell */,
				770B7C6323FF789B00C25197 /* CustomCollectionViewClass */,
			);
			path = StoryBoards;
			sourceTree = "<group>";
		};
		7789810223EB90D6004DE4DB /* MDCustomImageView */ = {
			isa = PBXGroup;
			children = (
				7789810323EB9114004DE4DB /* MdCustomImageView.swift */,
			);
			path = MDCustomImageView;
			sourceTree = "<group>";
		};
		7789810723EB9654004DE4DB /* MDCustomButton */ = {
			isa = PBXGroup;
			children = (
				7789810523EB91C0004DE4DB /* TestClass.swift */,
				7789810823EB9676004DE4DB /* MdCustomButton.swift */,
			);
			path = MDCustomButton;
			sourceTree = "<group>";
		};
/* End PBXGroup section */

/* Begin PBXNativeTarget section */
		7716F47723E4D0AD00186C2E /* onBoarding */ = {
			isa = PBXNativeTarget;
			buildConfigurationList = 7716F48C23E4D0AF00186C2E /* Build configuration list for PBXNativeTarget "onBoarding" */;
			buildPhases = (
				7716F47423E4D0AD00186C2E /* Sources */,
				7716F47523E4D0AD00186C2E /* Frameworks */,
				7716F47623E4D0AD00186C2E /* Resources */,
			);
			buildRules = (
			);
			dependencies = (
			);
			name = onBoarding;
			productName = onBoarding;
			productReference = 7716F47823E4D0AD00186C2E /* onBoarding.app */;
			productType = "com.apple.product-type.application";
		};
/* End PBXNativeTarget section */

/* Begin PBXProject section */
		7716F47023E4D0AD00186C2E /* Project object */ = {
			isa = PBXProject;
			attributes = {
				LastSwiftUpdateCheck = 1130;
				LastUpgradeCheck = 1130;
				ORGANIZATIONNAME = "Mo Drame";
				TargetAttributes = {
					7716F47723E4D0AD00186C2E = {
						CreatedOnToolsVersion = 11.3.1;
					};
				};
			};
			buildConfigurationList = 7716F47323E4D0AD00186C2E /* Build configuration list for PBXProject "onBoarding" */;
			compatibilityVersion = "Xcode 9.3";
			developmentRegion = en;
			hasScannedForEncodings = 0;
			knownRegions = (
				en,
				Base,
			);
			mainGroup = 7716F46F23E4D0AD00186C2E;
			productRefGroup = 7716F47923E4D0AD00186C2E /* Products */;
			projectDirPath = "";
			projectRoot = "";
			targets = (
				7716F47723E4D0AD00186C2E /* onBoarding */,
			);
		};
/* End PBXProject section */

/* Begin PBXResourcesBuildPhase section */
		7716F47623E4D0AD00186C2E /* Resources */ = {
			isa = PBXResourcesBuildPhase;
			buildActionMask = 2147483647;
			files = (
				7716F48823E4D0AF00186C2E /* LaunchScreen.storyboard in Resources */,
				7716F48523E4D0AF00186C2E /* Assets.xcassets in Resources */,
				7716F48323E4D0AE00186C2E /* Main.storyboard in Resources */,
			);
			runOnlyForDeploymentPostprocessing = 0;
		};
/* End PBXResourcesBuildPhase section */

/* Begin PBXSourcesBuildPhase section */
		7716F47423E4D0AD00186C2E /* Sources */ = {
			isa = PBXSourcesBuildPhase;
			buildActionMask = 2147483647;
			files = (
				7789810423EB9114004DE4DB /* MdCustomImageView.swift in Sources */,
				7789810B23EBA73A004DE4DB /* MainHomeViewController.swift in Sources */,
				770B7C6723FFAA2F00C25197 /* CollectionHomeVC.swift in Sources */,
				770B7C6223FF1C5400C25197 /* TabBarHome.swift in Sources */,
				778980FB23E9FC79004DE4DB /* LoginViewController.swift in Sources */,
				771474A823F2274E00369F66 /* Images.swift in Sources */,
				7716F47C23E4D0AE00186C2E /* AppDelegate.swift in Sources */,
				7716F47E23E4D0AE00186C2E /* SceneDelegate.swift in Sources */,
				7716F49023E4D4A400186C2E /* HomeViewController.swift in Sources */,
				778704E623ED2F41007264E7 /* CustomeUITableViewCell.swift in Sources */,
				7789810623EB91C0004DE4DB /* TestClass.swift in Sources */,
				7789810023EB8C5C004DE4DB /* MdCustomLabel.swift in Sources */,
				770B7C6523FF78E000C25197 /* MDCustomCollectionViewCell.swift in Sources */,
				7732384A23F771930016A8EF /* CategoryViewController.swift in Sources */,
				7789810923EB9676004DE4DB /* MdCustomButton.swift in Sources */,
			);
			runOnlyForDeploymentPostprocessing = 0;
		};
/* End PBXSourcesBuildPhase section */

/* Begin PBXVariantGroup section */
		7716F48123E4D0AE00186C2E /* Main.storyboard */ = {
			isa = PBXVariantGroup;
			children = (
				7716F48223E4D0AE00186C2E /* Base */,
			);
			name = Main.storyboard;
			sourceTree = "<group>";
		};
		7716F48623E4D0AF00186C2E /* LaunchScreen.storyboard */ = {
			isa = PBXVariantGroup;
			children = (
				7716F48723E4D0AF00186C2E /* Base */,
			);
			name = LaunchScreen.storyboard;
			sourceTree = "<group>";
		};
/* End PBXVariantGroup section */

/* Begin XCBuildConfiguration section */
		7716F48A23E4D0AF00186C2E /* Debug */ = {
			isa = XCBuildConfiguration;
			buildSettings = {
				ALWAYS_SEARCH_USER_PATHS = NO;
				CLANG_ANALYZER_NONNULL = YES;
				CLANG_ANALYZER_NUMBER_OBJECT_CONVERSION = YES_AGGRESSIVE;
				CLANG_CXX_LANGUAGE_STANDARD = "gnu++14";
				CLANG_CXX_LIBRARY = "libc++";
				CLANG_ENABLE_MODULES = YES;
				CLANG_ENABLE_OBJC_ARC = YES;
				CLANG_ENABLE_OBJC_WEAK = YES;
				CLANG_WARN_BLOCK_CAPTURE_AUTORELEASING = YES;
				CLANG_WARN_BOOL_CONVERSION = YES;
				CLANG_WARN_COMMA = YES;
				CLANG_WARN_CONSTANT_CONVERSION = YES;
				CLANG_WARN_DEPRECATED_OBJC_IMPLEMENTATIONS = YES;
				CLANG_WARN_DIRECT_OBJC_ISA_USAGE = YES_ERROR;
				CLANG_WARN_DOCUMENTATION_COMMENTS = YES;
				CLANG_WARN_EMPTY_BODY = YES;
				CLANG_WARN_ENUM_CONVERSION = YES;
				CLANG_WARN_INFINITE_RECURSION = YES;
				CLANG_WARN_INT_CONVERSION = YES;
				CLANG_WARN_NON_LITERAL_NULL_CONVERSION = YES;
				CLANG_WARN_OBJC_IMPLICIT_RETAIN_SELF = YES;
				CLANG_WARN_OBJC_LITERAL_CONVERSION = YES;
				CLANG_WARN_OBJC_ROOT_CLASS = YES_ERROR;
				CLANG_WARN_RANGE_LOOP_ANALYSIS = YES;
				CLANG_WARN_STRICT_PROTOTYPES = YES;
				CLANG_WARN_SUSPICIOUS_MOVE = YES;
				CLANG_WARN_UNGUARDED_AVAILABILITY = YES_AGGRESSIVE;
				CLANG_WARN_UNREACHABLE_CODE = YES;
				CLANG_WARN__DUPLICATE_METHOD_MATCH = YES;
				COPY_PHASE_STRIP = NO;
				DEBUG_INFORMATION_FORMAT = dwarf;
				ENABLE_STRICT_OBJC_MSGSEND = YES;
				ENABLE_TESTABILITY = YES;
				GCC_C_LANGUAGE_STANDARD = gnu11;
				GCC_DYNAMIC_NO_PIC = NO;
				GCC_NO_COMMON_BLOCKS = YES;
				GCC_OPTIMIZATION_LEVEL = 0;
				GCC_PREPROCESSOR_DEFINITIONS = (
					"DEBUG=1",
					"$(inherited)",
				);
				GCC_WARN_64_TO_32_BIT_CONVERSION = YES;
				GCC_WARN_ABOUT_RETURN_TYPE = YES_ERROR;
				GCC_WARN_UNDECLARED_SELECTOR = YES;
				GCC_WARN_UNINITIALIZED_AUTOS = YES_AGGRESSIVE;
				GCC_WARN_UNUSED_FUNCTION = YES;
				GCC_WARN_UNUSED_VARIABLE = YES;
				IPHONEOS_DEPLOYMENT_TARGET = 13.2;
				MTL_ENABLE_DEBUG_INFO = INCLUDE_SOURCE;
				MTL_FAST_MATH = YES;
				ONLY_ACTIVE_ARCH = YES;
				SDKROOT = iphoneos;
				SWIFT_ACTIVE_COMPILATION_CONDITIONS = DEBUG;
				SWIFT_OPTIMIZATION_LEVEL = "-Onone";
			};
			name = Debug;
		};
		7716F48B23E4D0AF00186C2E /* Release */ = {
			isa = XCBuildConfiguration;
			buildSettings = {
				ALWAYS_SEARCH_USER_PATHS = NO;
				CLANG_ANALYZER_NONNULL = YES;
				CLANG_ANALYZER_NUMBER_OBJECT_CONVERSION = YES_AGGRESSIVE;
				CLANG_CXX_LANGUAGE_STANDARD = "gnu++14";
				CLANG_CXX_LIBRARY = "libc++";
				CLANG_ENABLE_MODULES = YES;
				CLANG_ENABLE_OBJC_ARC = YES;
				CLANG_ENABLE_OBJC_WEAK = YES;
				CLANG_WARN_BLOCK_CAPTURE_AUTORELEASING = YES;
				CLANG_WARN_BOOL_CONVERSION = YES;
				CLANG_WARN_COMMA = YES;
				CLANG_WARN_CONSTANT_CONVERSION = YES;
				CLANG_WARN_DEPRECATED_OBJC_IMPLEMENTATIONS = YES;
				CLANG_WARN_DIRECT_OBJC_ISA_USAGE = YES_ERROR;
				CLANG_WARN_DOCUMENTATION_COMMENTS = YES;
				CLANG_WARN_EMPTY_BODY = YES;
				CLANG_WARN_ENUM_CONVERSION = YES;
				CLANG_WARN_INFINITE_RECURSION = YES;
				CLANG_WARN_INT_CONVERSION = YES;
				CLANG_WARN_NON_LITERAL_NULL_CONVERSION = YES;
				CLANG_WARN_OBJC_IMPLICIT_RETAIN_SELF = YES;
				CLANG_WARN_OBJC_LITERAL_CONVERSION = YES;
				CLANG_WARN_OBJC_ROOT_CLASS = YES_ERROR;
				CLANG_WARN_RANGE_LOOP_ANALYSIS = YES;
				CLANG_WARN_STRICT_PROTOTYPES = YES;
				CLANG_WARN_SUSPICIOUS_MOVE = YES;
				CLANG_WARN_UNGUARDED_AVAILABILITY = YES_AGGRESSIVE;
				CLANG_WARN_UNREACHABLE_CODE = YES;
				CLANG_WARN__DUPLICATE_METHOD_MATCH = YES;
				COPY_PHASE_STRIP = NO;
				DEBUG_INFORMATION_FORMAT = "dwarf-with-dsym";
				ENABLE_NS_ASSERTIONS = NO;
				ENABLE_STRICT_OBJC_MSGSEND = YES;
				GCC_C_LANGUAGE_STANDARD = gnu11;
				GCC_NO_COMMON_BLOCKS = YES;
				GCC_WARN_64_TO_32_BIT_CONVERSION = YES;
				GCC_WARN_ABOUT_RETURN_TYPE = YES_ERROR;
				GCC_WARN_UNDECLARED_SELECTOR = YES;
				GCC_WARN_UNINITIALIZED_AUTOS = YES_AGGRESSIVE;
				GCC_WARN_UNUSED_FUNCTION = YES;
				GCC_WARN_UNUSED_VARIABLE = YES;
				IPHONEOS_DEPLOYMENT_TARGET = 13.2;
				MTL_ENABLE_DEBUG_INFO = NO;
				MTL_FAST_MATH = YES;
				SDKROOT = iphoneos;
				SWIFT_COMPILATION_MODE = wholemodule;
				SWIFT_OPTIMIZATION_LEVEL = "-O";
				VALIDATE_PRODUCT = YES;
			};
			name = Release;
		};
		7716F48D23E4D0AF00186C2E /* Debug */ = {
			isa = XCBuildConfiguration;
			buildSettings = {
				ASSETCATALOG_COMPILER_APPICON_NAME = AppIcon;
				CODE_SIGN_STYLE = Automatic;
				DEVELOPMENT_TEAM = 6AY5G84ET7;
				INFOPLIST_FILE = onBoarding/Info.plist;
				LD_RUNPATH_SEARCH_PATHS = (
					"$(inherited)",
					"@executable_path/Frameworks",
				);
				PRODUCT_BUNDLE_IDENTIFIER = com.modrame.herokuapp.onBoarding;
				PRODUCT_NAME = "$(TARGET_NAME)";
				SWIFT_VERSION = 5.0;
				TARGETED_DEVICE_FAMILY = "1,2";
			};
			name = Debug;
		};
		7716F48E23E4D0AF00186C2E /* Release */ = {
			isa = XCBuildConfiguration;
			buildSettings = {
				ASSETCATALOG_COMPILER_APPICON_NAME = AppIcon;
				CODE_SIGN_STYLE = Automatic;
				DEVELOPMENT_TEAM = 6AY5G84ET7;
				INFOPLIST_FILE = onBoarding/Info.plist;
				LD_RUNPATH_SEARCH_PATHS = (
					"$(inherited)",
					"@executable_path/Frameworks",
				);
				PRODUCT_BUNDLE_IDENTIFIER = com.modrame.herokuapp.onBoarding;
				PRODUCT_NAME = "$(TARGET_NAME)";
				SWIFT_VERSION = 5.0;
				TARGETED_DEVICE_FAMILY = "1,2";
			};
			name = Release;
		};
/* End XCBuildConfiguration section */

/* Begin XCConfigurationList section */
		7716F47323E4D0AD00186C2E /* Build configuration list for PBXProject "onBoarding" */ = {
			isa = XCConfigurationList;
			buildConfigurations = (
				7716F48A23E4D0AF00186C2E /* Debug */,
				7716F48B23E4D0AF00186C2E /* Release */,
			);
			defaultConfigurationIsVisible = 0;
			defaultConfigurationName = Release;
		};
		7716F48C23E4D0AF00186C2E /* Build configuration list for PBXNativeTarget "onBoarding" */ = {
			isa = XCConfigurationList;
			buildConfigurations = (
				7716F48D23E4D0AF00186C2E /* Debug */,
				7716F48E23E4D0AF00186C2E /* Release */,
			);
			defaultConfigurationIsVisible = 0;
			defaultConfigurationName = Release;
		};
/* End XCConfigurationList section */
	};
	rootObject = 7716F47023E4D0AD00186C2E /* Project object */;
}
