// !$*UTF8*$!
{
	archiveVersion = 1;
	classes = {
	};
	objectVersion = 50;
	objects = {

/* Begin PBXBuildFile section */
		7707F71C243AE5A700658855 /* PastBoxTablViewController.swift in Sources */ = {isa = PBXBuildFile; fileRef = 7707F71B243AE5A700658855 /* PastBoxTablViewController.swift */; };
		7707F71E243AE5F800658855 /* PastBoxModel.swift in Sources */ = {isa = PBXBuildFile; fileRef = 7707F71D243AE5F800658855 /* PastBoxModel.swift */; };
		7707F720243AE64500658855 /* CustomTableViewCell.swift in Sources */ = {isa = PBXBuildFile; fileRef = 7707F71F243AE64500658855 /* CustomTableViewCell.swift */; };
		7707F722243AE68800658855 /* StarTableViewController.swift in Sources */ = {isa = PBXBuildFile; fileRef = 7707F721243AE68800658855 /* StarTableViewController.swift */; };
		7707F728243AEBA200658855 /* StarCustomTableVeiwCell.swift in Sources */ = {isa = PBXBuildFile; fileRef = 7707F727243AEBA200658855 /* StarCustomTableVeiwCell.swift */; };
		77B1DD9B2419813B00E3F76C /* AppDelegate.swift in Sources */ = {isa = PBXBuildFile; fileRef = 77B1DD9A2419813B00E3F76C /* AppDelegate.swift */; };
		77B1DD9D2419813B00E3F76C /* SceneDelegate.swift in Sources */ = {isa = PBXBuildFile; fileRef = 77B1DD9C2419813B00E3F76C /* SceneDelegate.swift */; };
		77B1DDA22419813B00E3F76C /* Main.storyboard in Resources */ = {isa = PBXBuildFile; fileRef = 77B1DDA02419813B00E3F76C /* Main.storyboard */; };
		77B1DDA42419813C00E3F76C /* Assets.xcassets in Resources */ = {isa = PBXBuildFile; fileRef = 77B1DDA32419813C00E3F76C /* Assets.xcassets */; };
		77B1DDA72419813C00E3F76C /* LaunchScreen.storyboard in Resources */ = {isa = PBXBuildFile; fileRef = 77B1DDA52419813C00E3F76C /* LaunchScreen.storyboard */; };
		77B1DDCA24198C8500E3F76C /* OnBoardingsViewController.swift in Sources */ = {isa = PBXBuildFile; fileRef = 77B1DDC924198C8500E3F76C /* OnBoardingsViewController.swift */; };
		77B1DDCC241AC78100E3F76C /* LogInViewController.swift in Sources */ = {isa = PBXBuildFile; fileRef = 77B1DDCB241AC78100E3F76C /* LogInViewController.swift */; };
		77FF35A5242D490C00CB9A25 /* HomeViewController.swift in Sources */ = {isa = PBXBuildFile; fileRef = 77FF35A4242D490C00CB9A25 /* HomeViewController.swift */; };
		77FF35A7242EC74200CB9A25 /* HomeUINavigationController.swift in Sources */ = {isa = PBXBuildFile; fileRef = 77FF35A6242EC74200CB9A25 /* HomeUINavigationController.swift */; };
		77FF35AD243422D300CB9A25 /* FirstTabViewController.swift in Sources */ = {isa = PBXBuildFile; fileRef = 77FF35AC243422D300CB9A25 /* FirstTabViewController.swift */; };
		77FF35B024343DE300CB9A25 /* CollectionVliewHeadCell.swift in Sources */ = {isa = PBXBuildFile; fileRef = 77FF35AF24343DE300CB9A25 /* CollectionVliewHeadCell.swift */; };
		77FF35B224343E0100CB9A25 /* CollectionVIewButtomCell.swift in Sources */ = {isa = PBXBuildFile; fileRef = 77FF35B124343E0100CB9A25 /* CollectionVIewButtomCell.swift */; };
/* End PBXBuildFile section */

/* Begin PBXFileReference section */
		7707F71B243AE5A700658855 /* PastBoxTablViewController.swift */ = {isa = PBXFileReference; lastKnownFileType = sourcecode.swift; path = PastBoxTablViewController.swift; sourceTree = "<group>"; };
		7707F71D243AE5F800658855 /* PastBoxModel.swift */ = {isa = PBXFileReference; lastKnownFileType = sourcecode.swift; path = PastBoxModel.swift; sourceTree = "<group>"; };
		7707F71F243AE64500658855 /* CustomTableViewCell.swift */ = {isa = PBXFileReference; lastKnownFileType = sourcecode.swift; path = CustomTableViewCell.swift; sourceTree = "<group>"; };
		7707F721243AE68800658855 /* StarTableViewController.swift */ = {isa = PBXFileReference; lastKnownFileType = sourcecode.swift; path = StarTableViewController.swift; sourceTree = "<group>"; };
		7707F727243AEBA200658855 /* StarCustomTableVeiwCell.swift */ = {isa = PBXFileReference; lastKnownFileType = sourcecode.swift; path = StarCustomTableVeiwCell.swift; sourceTree = "<group>"; };
		77B1DD972419813B00E3F76C /* onBoardingDelayProject.app */ = {isa = PBXFileReference; explicitFileType = wrapper.application; includeInIndex = 0; path = onBoardingDelayProject.app; sourceTree = BUILT_PRODUCTS_DIR; };
		77B1DD9A2419813B00E3F76C /* AppDelegate.swift */ = {isa = PBXFileReference; lastKnownFileType = sourcecode.swift; path = AppDelegate.swift; sourceTree = "<group>"; };
		77B1DD9C2419813B00E3F76C /* SceneDelegate.swift */ = {isa = PBXFileReference; lastKnownFileType = sourcecode.swift; path = SceneDelegate.swift; sourceTree = "<group>"; };
		77B1DDA12419813B00E3F76C /* Base */ = {isa = PBXFileReference; lastKnownFileType = file.storyboard; name = Base; path = Base.lproj/Main.storyboard; sourceTree = "<group>"; };
		77B1DDA32419813C00E3F76C /* Assets.xcassets */ = {isa = PBXFileReference; lastKnownFileType = folder.assetcatalog; path = Assets.xcassets; sourceTree = "<group>"; };
		77B1DDA62419813C00E3F76C /* Base */ = {isa = PBXFileReference; lastKnownFileType = file.storyboard; name = Base; path = Base.lproj/LaunchScreen.storyboard; sourceTree = "<group>"; };
		77B1DDA82419813C00E3F76C /* Info.plist */ = {isa = PBXFileReference; lastKnownFileType = text.plist.xml; path = Info.plist; sourceTree = "<group>"; };
		77B1DDC924198C8500E3F76C /* OnBoardingsViewController.swift */ = {isa = PBXFileReference; lastKnownFileType = sourcecode.swift; path = OnBoardingsViewController.swift; sourceTree = "<group>"; };
		77B1DDCB241AC78100E3F76C /* LogInViewController.swift */ = {isa = PBXFileReference; lastKnownFileType = sourcecode.swift; path = LogInViewController.swift; sourceTree = "<group>"; };
		77FF35A4242D490C00CB9A25 /* HomeViewController.swift */ = {isa = PBXFileReference; lastKnownFileType = sourcecode.swift; path = HomeViewController.swift; sourceTree = "<group>"; };
		77FF35A6242EC74200CB9A25 /* HomeUINavigationController.swift */ = {isa = PBXFileReference; lastKnownFileType = sourcecode.swift; path = HomeUINavigationController.swift; sourceTree = "<group>"; };
		77FF35AC243422D300CB9A25 /* FirstTabViewController.swift */ = {isa = PBXFileReference; lastKnownFileType = sourcecode.swift; path = FirstTabViewController.swift; sourceTree = "<group>"; };
		77FF35AF24343DE300CB9A25 /* CollectionVliewHeadCell.swift */ = {isa = PBXFileReference; lastKnownFileType = sourcecode.swift; path = CollectionVliewHeadCell.swift; sourceTree = "<group>"; };
		77FF35B124343E0100CB9A25 /* CollectionVIewButtomCell.swift */ = {isa = PBXFileReference; lastKnownFileType = sourcecode.swift; path = CollectionVIewButtomCell.swift; sourceTree = "<group>"; };
/* End PBXFileReference section */

/* Begin PBXFrameworksBuildPhase section */
		77B1DD942419813B00E3F76C /* Frameworks */ = {
			isa = PBXFrameworksBuildPhase;
			buildActionMask = 2147483647;
			files = (
			);
			runOnlyForDeploymentPostprocessing = 0;
		};
/* End PBXFrameworksBuildPhase section */

/* Begin PBXGroup section */
		77B1DD8E2419813B00E3F76C = {
			isa = PBXGroup;
			children = (
				77B1DD992419813B00E3F76C /* onBoardingDelayProject */,
				77B1DD982419813B00E3F76C /* Products */,
			);
			sourceTree = "<group>";
		};
		77B1DD982419813B00E3F76C /* Products */ = {
			isa = PBXGroup;
			children = (
				77B1DD972419813B00E3F76C /* onBoardingDelayProject.app */,
			);
			name = Products;
			sourceTree = "<group>";
		};
		77B1DD992419813B00E3F76C /* onBoardingDelayProject */ = {
			isa = PBXGroup;
			children = (
				77B1DDA82419813C00E3F76C /* Info.plist */,
				77B1DDA52419813C00E3F76C /* LaunchScreen.storyboard */,
				77B1DDA32419813C00E3F76C /* Assets.xcassets */,
				77B1DD9A2419813B00E3F76C /* AppDelegate.swift */,
				77B1DD9C2419813B00E3F76C /* SceneDelegate.swift */,
				77B1DDB0241987EA00E3F76C /* Controllers */,
				77B1DDAF241987E000E3F76C /* Views */,
				77B1DDAE241987D500E3F76C /* Models */,
			);
			path = onBoardingDelayProject;
			sourceTree = "<group>";
		};
		77B1DDAE241987D500E3F76C /* Models */ = {
			isa = PBXGroup;
			children = (
				7707F71D243AE5F800658855 /* PastBoxModel.swift */,
			);
			name = Models;
			sourceTree = "<group>";
		};
		77B1DDAF241987E000E3F76C /* Views */ = {
			isa = PBXGroup;
			children = (
				77B1DDA02419813B00E3F76C /* Main.storyboard */,
				77FF35AE24343DB200CB9A25 /* CustomCollectionCells */,
			);
			path = Views;
			sourceTree = "<group>";
		};
		77B1DDB0241987EA00E3F76C /* Controllers */ = {
			isa = PBXGroup;
			children = (
				77B1DDC924198C8500E3F76C /* OnBoardingsViewController.swift */,
				77B1DDCB241AC78100E3F76C /* LogInViewController.swift */,
				77FF35A6242EC74200CB9A25 /* HomeUINavigationController.swift */,
				77FF35A4242D490C00CB9A25 /* HomeViewController.swift */,
				77FF35AC243422D300CB9A25 /* FirstTabViewController.swift */,
				7707F71B243AE5A700658855 /* PastBoxTablViewController.swift */,
				7707F721243AE68800658855 /* StarTableViewController.swift */,
			);
			name = Controllers;
			sourceTree = "<group>";
		};
		77FF35AE24343DB200CB9A25 /* CustomCollectionCells */ = {
			isa = PBXGroup;
			children = (
				77FF35AF24343DE300CB9A25 /* CollectionVliewHeadCell.swift */,
				77FF35B124343E0100CB9A25 /* CollectionVIewButtomCell.swift */,
				7707F71F243AE64500658855 /* CustomTableViewCell.swift */,
				7707F727243AEBA200658855 /* StarCustomTableVeiwCell.swift */,
			);
			path = CustomCollectionCells;
			sourceTree = "<group>";
		};
/* End PBXGroup section */

/* Begin PBXNativeTarget section */
		77B1DD962419813B00E3F76C /* onBoardingDelayProject */ = {
			isa = PBXNativeTarget;
			buildConfigurationList = 77B1DDAB2419813C00E3F76C /* Build configuration list for PBXNativeTarget "onBoardingDelayProject" */;
			buildPhases = (
				77B1DD932419813B00E3F76C /* Sources */,
				77B1DD942419813B00E3F76C /* Frameworks */,
				77B1DD952419813B00E3F76C /* Resources */,
			);
			buildRules = (
			);
			dependencies = (
			);
			name = onBoardingDelayProject;
			productName = onBoardingDelayProject;
			productReference = 77B1DD972419813B00E3F76C /* onBoardingDelayProject.app */;
			productType = "com.apple.product-type.application";
		};
/* End PBXNativeTarget section */

/* Begin PBXProject section */
		77B1DD8F2419813B00E3F76C /* Project object */ = {
			isa = PBXProject;
			attributes = {
				LastSwiftUpdateCheck = 1130;
				LastUpgradeCheck = 1130;
				ORGANIZATIONNAME = "Mo Drame";
				TargetAttributes = {
					77B1DD962419813B00E3F76C = {
						CreatedOnToolsVersion = 11.3.1;
					};
				};
			};
			buildConfigurationList = 77B1DD922419813B00E3F76C /* Build configuration list for PBXProject "onBoardingDelayProject" */;
			compatibilityVersion = "Xcode 9.3";
			developmentRegion = en;
			hasScannedForEncodings = 0;
			knownRegions = (
				en,
				Base,
			);
			mainGroup = 77B1DD8E2419813B00E3F76C;
			productRefGroup = 77B1DD982419813B00E3F76C /* Products */;
			projectDirPath = "";
			projectRoot = "";
			targets = (
				77B1DD962419813B00E3F76C /* onBoardingDelayProject */,
			);
		};
/* End PBXProject section */

/* Begin PBXResourcesBuildPhase section */
		77B1DD952419813B00E3F76C /* Resources */ = {
			isa = PBXResourcesBuildPhase;
			buildActionMask = 2147483647;
			files = (
				77B1DDA72419813C00E3F76C /* LaunchScreen.storyboard in Resources */,
				77B1DDA42419813C00E3F76C /* Assets.xcassets in Resources */,
				77B1DDA22419813B00E3F76C /* Main.storyboard in Resources */,
			);
			runOnlyForDeploymentPostprocessing = 0;
		};
/* End PBXResourcesBuildPhase section */

/* Begin PBXSourcesBuildPhase section */
		77B1DD932419813B00E3F76C /* Sources */ = {
			isa = PBXSourcesBuildPhase;
			buildActionMask = 2147483647;
			files = (
				7707F722243AE68800658855 /* StarTableViewController.swift in Sources */,
				7707F71E243AE5F800658855 /* PastBoxModel.swift in Sources */,
				77FF35A5242D490C00CB9A25 /* HomeViewController.swift in Sources */,
				77B1DDCC241AC78100E3F76C /* LogInViewController.swift in Sources */,
				77FF35A7242EC74200CB9A25 /* HomeUINavigationController.swift in Sources */,
				7707F71C243AE5A700658855 /* PastBoxTablViewController.swift in Sources */,
				77B1DDCA24198C8500E3F76C /* OnBoardingsViewController.swift in Sources */,
				7707F720243AE64500658855 /* CustomTableViewCell.swift in Sources */,
				77B1DD9B2419813B00E3F76C /* AppDelegate.swift in Sources */,
				77FF35B024343DE300CB9A25 /* CollectionVliewHeadCell.swift in Sources */,
				77FF35AD243422D300CB9A25 /* FirstTabViewController.swift in Sources */,
				7707F728243AEBA200658855 /* StarCustomTableVeiwCell.swift in Sources */,
				77FF35B224343E0100CB9A25 /* CollectionVIewButtomCell.swift in Sources */,
				77B1DD9D2419813B00E3F76C /* SceneDelegate.swift in Sources */,
			);
			runOnlyForDeploymentPostprocessing = 0;
		};
/* End PBXSourcesBuildPhase section */

/* Begin PBXVariantGroup section */
		77B1DDA02419813B00E3F76C /* Main.storyboard */ = {
			isa = PBXVariantGroup;
			children = (
				77B1DDA12419813B00E3F76C /* Base */,
			);
			name = Main.storyboard;
			sourceTree = "<group>";
		};
		77B1DDA52419813C00E3F76C /* LaunchScreen.storyboard */ = {
			isa = PBXVariantGroup;
			children = (
				77B1DDA62419813C00E3F76C /* Base */,
			);
			name = LaunchScreen.storyboard;
			sourceTree = "<group>";
		};
/* End PBXVariantGroup section */

/* Begin XCBuildConfiguration section */
		77B1DDA92419813C00E3F76C /* Debug */ = {
			isa = XCBuildConfiguration;
			buildSettings = {
				ALWAYS_SEARCH_USER_PATHS = NO;
				CLANG_ANALYZER_NONNULL = YES;
				CLANG_ANALYZER_NUMBER_OBJECT_CONVERSION = YES_AGGRESSIVE;
				CLANG_CXX_LANGUAGE_STANDARD = "gnu++14";
				CLANG_CXX_LIBRARY = "libc++";
				CLANG_ENABLE_MODULES = YES;
				CLANG_ENABLE_OBJC_ARC = YES;
				CLANG_ENABLE_OBJC_WEAK = YES;
				CLANG_WARN_BLOCK_CAPTURE_AUTORELEASING = YES;
				CLANG_WARN_BOOL_CONVERSION = YES;
				CLANG_WARN_COMMA = YES;
				CLANG_WARN_CONSTANT_CONVERSION = YES;
				CLANG_WARN_DEPRECATED_OBJC_IMPLEMENTATIONS = YES;
				CLANG_WARN_DIRECT_OBJC_ISA_USAGE = YES_ERROR;
				CLANG_WARN_DOCUMENTATION_COMMENTS = YES;
				CLANG_WARN_EMPTY_BODY = YES;
				CLANG_WARN_ENUM_CONVERSION = YES;
				CLANG_WARN_INFINITE_RECURSION = YES;
				CLANG_WARN_INT_CONVERSION = YES;
				CLANG_WARN_NON_LITERAL_NULL_CONVERSION = YES;
				CLANG_WARN_OBJC_IMPLICIT_RETAIN_SELF = YES;
				CLANG_WARN_OBJC_LITERAL_CONVERSION = YES;
				CLANG_WARN_OBJC_ROOT_CLASS = YES_ERROR;
				CLANG_WARN_RANGE_LOOP_ANALYSIS = YES;
				CLANG_WARN_STRICT_PROTOTYPES = YES;
				CLANG_WARN_SUSPICIOUS_MOVE = YES;
				CLANG_WARN_UNGUARDED_AVAILABILITY = YES_AGGRESSIVE;
				CLANG_WARN_UNREACHABLE_CODE = YES;
				CLANG_WARN__DUPLICATE_METHOD_MATCH = YES;
				COPY_PHASE_STRIP = NO;
				DEBUG_INFORMATION_FORMAT = dwarf;
				ENABLE_STRICT_OBJC_MSGSEND = YES;
				ENABLE_TESTABILITY = YES;
				GCC_C_LANGUAGE_STANDARD = gnu11;
				GCC_DYNAMIC_NO_PIC = NO;
				GCC_NO_COMMON_BLOCKS = YES;
				GCC_OPTIMIZATION_LEVEL = 0;
				GCC_PREPROCESSOR_DEFINITIONS = (
					"DEBUG=1",
					"$(inherited)",
				);
				GCC_WARN_64_TO_32_BIT_CONVERSION = YES;
				GCC_WARN_ABOUT_RETURN_TYPE = YES_ERROR;
				GCC_WARN_UNDECLARED_SELECTOR = YES;
				GCC_WARN_UNINITIALIZED_AUTOS = YES_AGGRESSIVE;
				GCC_WARN_UNUSED_FUNCTION = YES;
				GCC_WARN_UNUSED_VARIABLE = YES;
				IPHONEOS_DEPLOYMENT_TARGET = 13.2;
				MTL_ENABLE_DEBUG_INFO = INCLUDE_SOURCE;
				MTL_FAST_MATH = YES;
				ONLY_ACTIVE_ARCH = YES;
				SDKROOT = iphoneos;
				SWIFT_ACTIVE_COMPILATION_CONDITIONS = DEBUG;
				SWIFT_OPTIMIZATION_LEVEL = "-Onone";
			};
			name = Debug;
		};
		77B1DDAA2419813C00E3F76C /* Release */ = {
			isa = XCBuildConfiguration;
			buildSettings = {
				ALWAYS_SEARCH_USER_PATHS = NO;
				CLANG_ANALYZER_NONNULL = YES;
				CLANG_ANALYZER_NUMBER_OBJECT_CONVERSION = YES_AGGRESSIVE;
				CLANG_CXX_LANGUAGE_STANDARD = "gnu++14";
				CLANG_CXX_LIBRARY = "libc++";
				CLANG_ENABLE_MODULES = YES;
				CLANG_ENABLE_OBJC_ARC = YES;
				CLANG_ENABLE_OBJC_WEAK = YES;
				CLANG_WARN_BLOCK_CAPTURE_AUTORELEASING = YES;
				CLANG_WARN_BOOL_CONVERSION = YES;
				CLANG_WARN_COMMA = YES;
				CLANG_WARN_CONSTANT_CONVERSION = YES;
				CLANG_WARN_DEPRECATED_OBJC_IMPLEMENTATIONS = YES;
				CLANG_WARN_DIRECT_OBJC_ISA_USAGE = YES_ERROR;
				CLANG_WARN_DOCUMENTATION_COMMENTS = YES;
				CLANG_WARN_EMPTY_BODY = YES;
				CLANG_WARN_ENUM_CONVERSION = YES;
				CLANG_WARN_INFINITE_RECURSION = YES;
				CLANG_WARN_INT_CONVERSION = YES;
				CLANG_WARN_NON_LITERAL_NULL_CONVERSION = YES;
				CLANG_WARN_OBJC_IMPLICIT_RETAIN_SELF = YES;
				CLANG_WARN_OBJC_LITERAL_CONVERSION = YES;
				CLANG_WARN_OBJC_ROOT_CLASS = YES_ERROR;
				CLANG_WARN_RANGE_LOOP_ANALYSIS = YES;
				CLANG_WARN_STRICT_PROTOTYPES = YES;
				CLANG_WARN_SUSPICIOUS_MOVE = YES;
				CLANG_WARN_UNGUARDED_AVAILABILITY = YES_AGGRESSIVE;
				CLANG_WARN_UNREACHABLE_CODE = YES;
				CLANG_WARN__DUPLICATE_METHOD_MATCH = YES;
				COPY_PHASE_STRIP = NO;
				DEBUG_INFORMATION_FORMAT = "dwarf-with-dsym";
				ENABLE_NS_ASSERTIONS = NO;
				ENABLE_STRICT_OBJC_MSGSEND = YES;
				GCC_C_LANGUAGE_STANDARD = gnu11;
				GCC_NO_COMMON_BLOCKS = YES;
				GCC_WARN_64_TO_32_BIT_CONVERSION = YES;
				GCC_WARN_ABOUT_RETURN_TYPE = YES_ERROR;
				GCC_WARN_UNDECLARED_SELECTOR = YES;
				GCC_WARN_UNINITIALIZED_AUTOS = YES_AGGRESSIVE;
				GCC_WARN_UNUSED_FUNCTION = YES;
				GCC_WARN_UNUSED_VARIABLE = YES;
				IPHONEOS_DEPLOYMENT_TARGET = 13.2;
				MTL_ENABLE_DEBUG_INFO = NO;
				MTL_FAST_MATH = YES;
				SDKROOT = iphoneos;
				SWIFT_COMPILATION_MODE = wholemodule;
				SWIFT_OPTIMIZATION_LEVEL = "-O";
				VALIDATE_PRODUCT = YES;
			};
			name = Release;
		};
		77B1DDAC2419813C00E3F76C /* Debug */ = {
			isa = XCBuildConfiguration;
			buildSettings = {
				ASSETCATALOG_COMPILER_APPICON_NAME = AppIcon;
				CODE_SIGN_STYLE = Automatic;
				DEVELOPMENT_TEAM = 6AY5G84ET7;
				INFOPLIST_FILE = onBoardingDelayProject/Info.plist;
				LD_RUNPATH_SEARCH_PATHS = (
					"$(inherited)",
					"@executable_path/Frameworks",
				);
				PRODUCT_BUNDLE_IDENTIFIER = com.modrame.herokuapp.onBoardingDelayProject;
				PRODUCT_NAME = "$(TARGET_NAME)";
				SWIFT_VERSION = 5.0;
				TARGETED_DEVICE_FAMILY = 1;
			};
			name = Debug;
		};
		77B1DDAD2419813C00E3F76C /* Release */ = {
			isa = XCBuildConfiguration;
			buildSettings = {
				ASSETCATALOG_COMPILER_APPICON_NAME = AppIcon;
				CODE_SIGN_STYLE = Automatic;
				DEVELOPMENT_TEAM = 6AY5G84ET7;
				INFOPLIST_FILE = onBoardingDelayProject/Info.plist;
				LD_RUNPATH_SEARCH_PATHS = (
					"$(inherited)",
					"@executable_path/Frameworks",
				);
				PRODUCT_BUNDLE_IDENTIFIER = com.modrame.herokuapp.onBoardingDelayProject;
				PRODUCT_NAME = "$(TARGET_NAME)";
				SWIFT_VERSION = 5.0;
				TARGETED_DEVICE_FAMILY = 1;
			};
			name = Release;
		};
/* End XCBuildConfiguration section */

/* Begin XCConfigurationList section */
		77B1DD922419813B00E3F76C /* Build configuration list for PBXProject "onBoardingDelayProject" */ = {
			isa = XCConfigurationList;
			buildConfigurations = (
				77B1DDA92419813C00E3F76C /* Debug */,
				77B1DDAA2419813C00E3F76C /* Release */,
			);
			defaultConfigurationIsVisible = 0;
			defaultConfigurationName = Release;
		};
		77B1DDAB2419813C00E3F76C /* Build configuration list for PBXNativeTarget "onBoardingDelayProject" */ = {
			isa = XCConfigurationList;
			buildConfigurations = (
				77B1DDAC2419813C00E3F76C /* Debug */,
				77B1DDAD2419813C00E3F76C /* Release */,
			);
			defaultConfigurationIsVisible = 0;
			defaultConfigurationName = Release;
		};
/* End XCConfigurationList section */
	};
	rootObject = 77B1DD8F2419813B00E3F76C /* Project object */;
}
